// !$*UTF8*$!
{
	archiveVersion = 1;
	classes = {
	};
	objectVersion = 50;
	objects = {

/* Begin PBXBuildFile section */
		055EACEA237AF28200EBC67A /* ProgressBarView.swift in Sources */ = {isa = PBXBuildFile; fileRef = 055EACE9237AF28100EBC67A /* ProgressBarView.swift */; };
		055EACEC237AF46800EBC67A /* TimeAndProgressView.swift in Sources */ = {isa = PBXBuildFile; fileRef = 055EACEB237AF46800EBC67A /* TimeAndProgressView.swift */; };
		055EACEE237AF4A200EBC67A /* SongTimeView.swift in Sources */ = {isa = PBXBuildFile; fileRef = 055EACED237AF4A200EBC67A /* SongTimeView.swift */; };
		055EACF0237AF82E00EBC67A /* ControlButtonsView.swift in Sources */ = {isa = PBXBuildFile; fileRef = 055EACEF237AF82E00EBC67A /* ControlButtonsView.swift */; };
		05CA5E40237C665E00A84BBD /* PlaylistAndPairView.swift in Sources */ = {isa = PBXBuildFile; fileRef = 05CA5E3F237C665E00A84BBD /* PlaylistAndPairView.swift */; };
		05CA5E42237C682300A84BBD /* SongAndProgressView.swift in Sources */ = {isa = PBXBuildFile; fileRef = 05CA5E41237C682300A84BBD /* SongAndProgressView.swift */; };
		181521662379D05900643BEB /* AppDelegate.swift in Sources */ = {isa = PBXBuildFile; fileRef = 181521652379D05900643BEB /* AppDelegate.swift */; };
		181521682379D05900643BEB /* SceneDelegate.swift in Sources */ = {isa = PBXBuildFile; fileRef = 181521672379D05900643BEB /* SceneDelegate.swift */; };
		1815216A2379D05900643BEB /* ContentView.swift in Sources */ = {isa = PBXBuildFile; fileRef = 181521692379D05900643BEB /* ContentView.swift */; };
		1815216C2379D05C00643BEB /* Assets.xcassets in Resources */ = {isa = PBXBuildFile; fileRef = 1815216B2379D05C00643BEB /* Assets.xcassets */; };
		1815216F2379D05C00643BEB /* Preview Assets.xcassets in Resources */ = {isa = PBXBuildFile; fileRef = 1815216E2379D05C00643BEB /* Preview Assets.xcassets */; };
		181521722379D05C00643BEB /* LaunchScreen.storyboard in Resources */ = {isa = PBXBuildFile; fileRef = 181521702379D05C00643BEB /* LaunchScreen.storyboard */; };
		1815217A237AC86700643BEB /* PlaylistTitle.swift in Sources */ = {isa = PBXBuildFile; fileRef = 18152179237AC86700643BEB /* PlaylistTitle.swift */; };
		1815217D237AEF0500643BEB /* ArtistSongView.swift in Sources */ = {isa = PBXBuildFile; fileRef = 1815217C237AEF0500643BEB /* ArtistSongView.swift */; };
		1815217F237AEF9C00643BEB /* SongAndFavoriteView.swift in Sources */ = {isa = PBXBuildFile; fileRef = 1815217E237AEF9C00643BEB /* SongAndFavoriteView.swift */; };
/* End PBXBuildFile section */

/* Begin PBXFileReference section */
		055EACE9237AF28100EBC67A /* ProgressBarView.swift */ = {isa = PBXFileReference; lastKnownFileType = sourcecode.swift; path = ProgressBarView.swift; sourceTree = "<group>"; };
		055EACEB237AF46800EBC67A /* TimeAndProgressView.swift */ = {isa = PBXFileReference; lastKnownFileType = sourcecode.swift; path = TimeAndProgressView.swift; sourceTree = "<group>"; };
		055EACED237AF4A200EBC67A /* SongTimeView.swift */ = {isa = PBXFileReference; lastKnownFileType = sourcecode.swift; path = SongTimeView.swift; sourceTree = "<group>"; };
		055EACEF237AF82E00EBC67A /* ControlButtonsView.swift */ = {isa = PBXFileReference; lastKnownFileType = sourcecode.swift; path = ControlButtonsView.swift; sourceTree = "<group>"; };
		05CA5E3F237C665E00A84BBD /* PlaylistAndPairView.swift */ = {isa = PBXFileReference; lastKnownFileType = sourcecode.swift; path = PlaylistAndPairView.swift; sourceTree = "<group>"; };
		05CA5E41237C682300A84BBD /* SongAndProgressView.swift */ = {isa = PBXFileReference; lastKnownFileType = sourcecode.swift; path = SongAndProgressView.swift; sourceTree = "<group>"; };
		181521622379D05900643BEB /* super.init.swiftUI.app */ = {isa = PBXFileReference; explicitFileType = wrapper.application; includeInIndex = 0; path = super.init.swiftUI.app; sourceTree = BUILT_PRODUCTS_DIR; };
		181521652379D05900643BEB /* AppDelegate.swift */ = {isa = PBXFileReference; lastKnownFileType = sourcecode.swift; path = AppDelegate.swift; sourceTree = "<group>"; };
		181521672379D05900643BEB /* SceneDelegate.swift */ = {isa = PBXFileReference; lastKnownFileType = sourcecode.swift; path = SceneDelegate.swift; sourceTree = "<group>"; };
		181521692379D05900643BEB /* ContentView.swift */ = {isa = PBXFileReference; lastKnownFileType = sourcecode.swift; path = ContentView.swift; sourceTree = "<group>"; };
		1815216B2379D05C00643BEB /* Assets.xcassets */ = {isa = PBXFileReference; lastKnownFileType = folder.assetcatalog; path = Assets.xcassets; sourceTree = "<group>"; };
		1815216E2379D05C00643BEB /* Preview Assets.xcassets */ = {isa = PBXFileReference; lastKnownFileType = folder.assetcatalog; path = "Preview Assets.xcassets"; sourceTree = "<group>"; };
		181521712379D05C00643BEB /* Base */ = {isa = PBXFileReference; lastKnownFileType = file.storyboard; name = Base; path = Base.lproj/LaunchScreen.storyboard; sourceTree = "<group>"; };
		181521732379D05C00643BEB /* Info.plist */ = {isa = PBXFileReference; lastKnownFileType = text.plist.xml; path = Info.plist; sourceTree = "<group>"; };
		18152179237AC86700643BEB /* PlaylistTitle.swift */ = {isa = PBXFileReference; lastKnownFileType = sourcecode.swift; path = PlaylistTitle.swift; sourceTree = "<group>"; };
		1815217C237AEF0500643BEB /* ArtistSongView.swift */ = {isa = PBXFileReference; lastKnownFileType = sourcecode.swift; path = ArtistSongView.swift; sourceTree = "<group>"; };
		1815217E237AEF9C00643BEB /* SongAndFavoriteView.swift */ = {isa = PBXFileReference; lastKnownFileType = sourcecode.swift; path = SongAndFavoriteView.swift; sourceTree = "<group>"; };
/* End PBXFileReference section */

/* Begin PBXFrameworksBuildPhase section */
		1815215F2379D05900643BEB /* Frameworks */ = {
			isa = PBXFrameworksBuildPhase;
			buildActionMask = 2147483647;
			files = (
			);
			runOnlyForDeploymentPostprocessing = 0;
		};
/* End PBXFrameworksBuildPhase section */

/* Begin PBXGroup section */
		181521592379D05900643BEB = {
			isa = PBXGroup;
			children = (
				181521642379D05900643BEB /* super.init.swiftUI */,
				181521632379D05900643BEB /* Products */,
			);
			sourceTree = "<group>";
		};
		181521632379D05900643BEB /* Products */ = {
			isa = PBXGroup;
			children = (
				181521622379D05900643BEB /* super.init.swiftUI.app */,
			);
			name = Products;
			sourceTree = "<group>";
		};
		181521642379D05900643BEB /* super.init.swiftUI */ = {
			isa = PBXGroup;
			children = (
				181521652379D05900643BEB /* AppDelegate.swift */,
				181521672379D05900643BEB /* SceneDelegate.swift */,
				181521692379D05900643BEB /* ContentView.swift */,
				18152179237AC86700643BEB /* PlaylistTitle.swift */,
				1815217C237AEF0500643BEB /* ArtistSongView.swift */,
				1815217E237AEF9C00643BEB /* SongAndFavoriteView.swift */,
				055EACE9237AF28100EBC67A /* ProgressBarView.swift */,
				055EACEB237AF46800EBC67A /* TimeAndProgressView.swift */,
				055EACED237AF4A200EBC67A /* SongTimeView.swift */,
				05CA5E41237C682300A84BBD /* SongAndProgressView.swift */,
				055EACEF237AF82E00EBC67A /* ControlButtonsView.swift */,
				05CA5E3F237C665E00A84BBD /* PlaylistAndPairView.swift */,
				1815216B2379D05C00643BEB /* Assets.xcassets */,
				181521702379D05C00643BEB /* LaunchScreen.storyboard */,
				181521732379D05C00643BEB /* Info.plist */,
				1815216D2379D05C00643BEB /* Preview Content */,
			);
			path = super.init.swiftUI;
			sourceTree = "<group>";
		};
		1815216D2379D05C00643BEB /* Preview Content */ = {
			isa = PBXGroup;
			children = (
				1815216E2379D05C00643BEB /* Preview Assets.xcassets */,
			);
			path = "Preview Content";
			sourceTree = "<group>";
		};
/* End PBXGroup section */

/* Begin PBXNativeTarget section */
		181521612379D05900643BEB /* super.init.swiftUI */ = {
			isa = PBXNativeTarget;
			buildConfigurationList = 181521762379D05C00643BEB /* Build configuration list for PBXNativeTarget "super.init.swiftUI" */;
			buildPhases = (
				1815215E2379D05900643BEB /* Sources */,
				1815215F2379D05900643BEB /* Frameworks */,
				181521602379D05900643BEB /* Resources */,
			);
			buildRules = (
			);
			dependencies = (
			);
			name = super.init.swiftUI;
			productName = super.init.swiftUI;
			productReference = 181521622379D05900643BEB /* super.init.swiftUI.app */;
			productType = "com.apple.product-type.application";
		};
/* End PBXNativeTarget section */

/* Begin PBXProject section */
		1815215A2379D05900643BEB /* Project object */ = {
			isa = PBXProject;
			attributes = {
				LastSwiftUpdateCheck = 1120;
				LastUpgradeCheck = 1120;
				ORGANIZATIONNAME = "Marcela Auslenter";
				TargetAttributes = {
					181521612379D05900643BEB = {
						CreatedOnToolsVersion = 11.2;
					};
				};
			};
			buildConfigurationList = 1815215D2379D05900643BEB /* Build configuration list for PBXProject "super.init.swiftUI" */;
			compatibilityVersion = "Xcode 9.3";
			developmentRegion = en;
			hasScannedForEncodings = 0;
			knownRegions = (
				en,
				Base,
			);
			mainGroup = 181521592379D05900643BEB;
			productRefGroup = 181521632379D05900643BEB /* Products */;
			projectDirPath = "";
			projectRoot = "";
			targets = (
				181521612379D05900643BEB /* super.init.swiftUI */,
			);
		};
/* End PBXProject section */

/* Begin PBXResourcesBuildPhase section */
		181521602379D05900643BEB /* Resources */ = {
			isa = PBXResourcesBuildPhase;
			buildActionMask = 2147483647;
			files = (
				181521722379D05C00643BEB /* LaunchScreen.storyboard in Resources */,
				1815216F2379D05C00643BEB /* Preview Assets.xcassets in Resources */,
				1815216C2379D05C00643BEB /* Assets.xcassets in Resources */,
			);
			runOnlyForDeploymentPostprocessing = 0;
		};
/* End PBXResourcesBuildPhase section */

/* Begin PBXSourcesBuildPhase section */
		1815215E2379D05900643BEB /* Sources */ = {
			isa = PBXSourcesBuildPhase;
			buildActionMask = 2147483647;
			files = (
				181521662379D05900643BEB /* AppDelegate.swift in Sources */,
				1815217D237AEF0500643BEB /* ArtistSongView.swift in Sources */,
				181521682379D05900643BEB /* SceneDelegate.swift in Sources */,
				1815217A237AC86700643BEB /* PlaylistTitle.swift in Sources */,
				1815216A2379D05900643BEB /* ContentView.swift in Sources */,
				05CA5E40237C665E00A84BBD /* PlaylistAndPairView.swift in Sources */,
				05CA5E42237C682300A84BBD /* SongAndProgressView.swift in Sources */,
				1815217F237AEF9C00643BEB /* SongAndFavoriteView.swift in Sources */,
				055EACF0237AF82E00EBC67A /* ControlButtonsView.swift in Sources */,
				055EACEC237AF46800EBC67A /* TimeAndProgressView.swift in Sources */,
				055EACEE237AF4A200EBC67A /* SongTimeView.swift in Sources */,
				055EACEA237AF28200EBC67A /* ProgressBarView.swift in Sources */,
			);
			runOnlyForDeploymentPostprocessing = 0;
		};
/* End PBXSourcesBuildPhase section */

/* Begin PBXVariantGroup section */
		181521702379D05C00643BEB /* LaunchScreen.storyboard */ = {
			isa = PBXVariantGroup;
			children = (
				181521712379D05C00643BEB /* Base */,
			);
			name = LaunchScreen.storyboard;
			sourceTree = "<group>";
		};
/* End PBXVariantGroup section */

/* Begin XCBuildConfiguration section */
		181521742379D05C00643BEB /* Debug */ = {
			isa = XCBuildConfiguration;
			buildSettings = {
				ALWAYS_SEARCH_USER_PATHS = NO;
				CLANG_ANALYZER_NONNULL = YES;
				CLANG_ANALYZER_NUMBER_OBJECT_CONVERSION = YES_AGGRESSIVE;
				CLANG_CXX_LANGUAGE_STANDARD = "gnu++14";
				CLANG_CXX_LIBRARY = "libc++";
				CLANG_ENABLE_MODULES = YES;
				CLANG_ENABLE_OBJC_ARC = YES;
				CLANG_ENABLE_OBJC_WEAK = YES;
				CLANG_WARN_BLOCK_CAPTURE_AUTORELEASING = YES;
				CLANG_WARN_BOOL_CONVERSION = YES;
				CLANG_WARN_COMMA = YES;
				CLANG_WARN_CONSTANT_CONVERSION = YES;
				CLANG_WARN_DEPRECATED_OBJC_IMPLEMENTATIONS = YES;
				CLANG_WARN_DIRECT_OBJC_ISA_USAGE = YES_ERROR;
				CLANG_WARN_DOCUMENTATION_COMMENTS = YES;
				CLANG_WARN_EMPTY_BODY = YES;
				CLANG_WARN_ENUM_CONVERSION = YES;
				CLANG_WARN_INFINITE_RECURSION = YES;
				CLANG_WARN_INT_CONVERSION = YES;
				CLANG_WARN_NON_LITERAL_NULL_CONVERSION = YES;
				CLANG_WARN_OBJC_IMPLICIT_RETAIN_SELF = YES;
				CLANG_WARN_OBJC_LITERAL_CONVERSION = YES;
				CLANG_WARN_OBJC_ROOT_CLASS = YES_ERROR;
				CLANG_WARN_RANGE_LOOP_ANALYSIS = YES;
				CLANG_WARN_STRICT_PROTOTYPES = YES;
				CLANG_WARN_SUSPICIOUS_MOVE = YES;
				CLANG_WARN_UNGUARDED_AVAILABILITY = YES_AGGRESSIVE;
				CLANG_WARN_UNREACHABLE_CODE = YES;
				CLANG_WARN__DUPLICATE_METHOD_MATCH = YES;
				COPY_PHASE_STRIP = NO;
				DEBUG_INFORMATION_FORMAT = dwarf;
				ENABLE_STRICT_OBJC_MSGSEND = YES;
				ENABLE_TESTABILITY = YES;
				GCC_C_LANGUAGE_STANDARD = gnu11;
				GCC_DYNAMIC_NO_PIC = NO;
				GCC_NO_COMMON_BLOCKS = YES;
				GCC_OPTIMIZATION_LEVEL = 0;
				GCC_PREPROCESSOR_DEFINITIONS = (
					"DEBUG=1",
					"$(inherited)",
				);
				GCC_WARN_64_TO_32_BIT_CONVERSION = YES;
				GCC_WARN_ABOUT_RETURN_TYPE = YES_ERROR;
				GCC_WARN_UNDECLARED_SELECTOR = YES;
				GCC_WARN_UNINITIALIZED_AUTOS = YES_AGGRESSIVE;
				GCC_WARN_UNUSED_FUNCTION = YES;
				GCC_WARN_UNUSED_VARIABLE = YES;
				IPHONEOS_DEPLOYMENT_TARGET = 13.2;
				MTL_ENABLE_DEBUG_INFO = INCLUDE_SOURCE;
				MTL_FAST_MATH = YES;
				ONLY_ACTIVE_ARCH = YES;
				SDKROOT = iphoneos;
				SWIFT_ACTIVE_COMPILATION_CONDITIONS = DEBUG;
				SWIFT_OPTIMIZATION_LEVEL = "-Onone";
			};
			name = Debug;
		};
		181521752379D05C00643BEB /* Release */ = {
			isa = XCBuildConfiguration;
			buildSettings = {
				ALWAYS_SEARCH_USER_PATHS = NO;
				CLANG_ANALYZER_NONNULL = YES;
				CLANG_ANALYZER_NUMBER_OBJECT_CONVERSION = YES_AGGRESSIVE;
				CLANG_CXX_LANGUAGE_STANDARD = "gnu++14";
				CLANG_CXX_LIBRARY = "libc++";
				CLANG_ENABLE_MODULES = YES;
				CLANG_ENABLE_OBJC_ARC = YES;
				CLANG_ENABLE_OBJC_WEAK = YES;
				CLANG_WARN_BLOCK_CAPTURE_AUTORELEASING = YES;
				CLANG_WARN_BOOL_CONVERSION = YES;
				CLANG_WARN_COMMA = YES;
				CLANG_WARN_CONSTANT_CONVERSION = YES;
				CLANG_WARN_DEPRECATED_OBJC_IMPLEMENTATIONS = YES;
				CLANG_WARN_DIRECT_OBJC_ISA_USAGE = YES_ERROR;
				CLANG_WARN_DOCUMENTATION_COMMENTS = YES;
				CLANG_WARN_EMPTY_BODY = YES;
				CLANG_WARN_ENUM_CONVERSION = YES;
				CLANG_WARN_INFINITE_RECURSION = YES;
				CLANG_WARN_INT_CONVERSION = YES;
				CLANG_WARN_NON_LITERAL_NULL_CONVERSION = YES;
				CLANG_WARN_OBJC_IMPLICIT_RETAIN_SELF = YES;
				CLANG_WARN_OBJC_LITERAL_CONVERSION = YES;
				CLANG_WARN_OBJC_ROOT_CLASS = YES_ERROR;
				CLANG_WARN_RANGE_LOOP_ANALYSIS = YES;
				CLANG_WARN_STRICT_PROTOTYPES = YES;
				CLANG_WARN_SUSPICIOUS_MOVE = YES;
				CLANG_WARN_UNGUARDED_AVAILABILITY = YES_AGGRESSIVE;
				CLANG_WARN_UNREACHABLE_CODE = YES;
				CLANG_WARN__DUPLICATE_METHOD_MATCH = YES;
				COPY_PHASE_STRIP = NO;
				DEBUG_INFORMATION_FORMAT = "dwarf-with-dsym";
				ENABLE_NS_ASSERTIONS = NO;
				ENABLE_STRICT_OBJC_MSGSEND = YES;
				GCC_C_LANGUAGE_STANDARD = gnu11;
				GCC_NO_COMMON_BLOCKS = YES;
				GCC_WARN_64_TO_32_BIT_CONVERSION = YES;
				GCC_WARN_ABOUT_RETURN_TYPE = YES_ERROR;
				GCC_WARN_UNDECLARED_SELECTOR = YES;
				GCC_WARN_UNINITIALIZED_AUTOS = YES_AGGRESSIVE;
				GCC_WARN_UNUSED_FUNCTION = YES;
				GCC_WARN_UNUSED_VARIABLE = YES;
				IPHONEOS_DEPLOYMENT_TARGET = 13.2;
				MTL_ENABLE_DEBUG_INFO = NO;
				MTL_FAST_MATH = YES;
				SDKROOT = iphoneos;
				SWIFT_COMPILATION_MODE = wholemodule;
				SWIFT_OPTIMIZATION_LEVEL = "-O";
				VALIDATE_PRODUCT = YES;
			};
			name = Release;
		};
		181521772379D05C00643BEB /* Debug */ = {
			isa = XCBuildConfiguration;
			buildSettings = {
				ASSETCATALOG_COMPILER_APPICON_NAME = AppIcon;
				CODE_SIGN_STYLE = Automatic;
				DEVELOPMENT_ASSET_PATHS = "\"super.init.swiftUI/Preview Content\"";
				DEVELOPMENT_TEAM = M7ZBSHCGRM;
				ENABLE_PREVIEWS = YES;
				INFOPLIST_FILE = super.init.swiftUI/Info.plist;
				IPHONEOS_DEPLOYMENT_TARGET = 13.0;
				LD_RUNPATH_SEARCH_PATHS = (
					"$(inherited)",
					"@executable_path/Frameworks",
				);
				PRODUCT_BUNDLE_IDENTIFIER = "MCA.super-init-swiftUI";
				PRODUCT_NAME = "$(TARGET_NAME)";
				SWIFT_VERSION = 5.0;
				TARGETED_DEVICE_FAMILY = "1,2";
			};
			name = Debug;
		};
		181521782379D05C00643BEB /* Release */ = {
			isa = XCBuildConfiguration;
			buildSettings = {
				ASSETCATALOG_COMPILER_APPICON_NAME = AppIcon;
				CODE_SIGN_STYLE = Automatic;
				DEVELOPMENT_ASSET_PATHS = "\"super.init.swiftUI/Preview Content\"";
				DEVELOPMENT_TEAM = M7ZBSHCGRM;
				ENABLE_PREVIEWS = YES;
				INFOPLIST_FILE = super.init.swiftUI/Info.plist;
				IPHONEOS_DEPLOYMENT_TARGET = 13.0;
				LD_RUNPATH_SEARCH_PATHS = (
					"$(inherited)",
					"@executable_path/Frameworks",
				);
				PRODUCT_BUNDLE_IDENTIFIER = "MCA.super-init-swiftUI";
				PRODUCT_NAME = "$(TARGET_NAME)";
				SWIFT_VERSION = 5.0;
				TARGETED_DEVICE_FAMILY = "1,2";
			};
			name = Release;
		};
/* End XCBuildConfiguration section */

/* Begin XCConfigurationList section */
		1815215D2379D05900643BEB /* Build configuration list for PBXProject "super.init.swiftUI" */ = {
			isa = XCConfigurationList;
			buildConfigurations = (
				181521742379D05C00643BEB /* Debug */,
				181521752379D05C00643BEB /* Release */,
			);
			defaultConfigurationIsVisible = 0;
			defaultConfigurationName = Release;
		};
		181521762379D05C00643BEB /* Build configuration list for PBXNativeTarget "super.init.swiftUI" */ = {
			isa = XCConfigurationList;
			buildConfigurations = (
				181521772379D05C00643BEB /* Debug */,
				181521782379D05C00643BEB /* Release */,
			);
			defaultConfigurationIsVisible = 0;
			defaultConfigurationName = Release;
		};
/* End XCConfigurationList section */
	};
	rootObject = 1815215A2379D05900643BEB /* Project object */;
}
